
Microsoft Visual Studio Solution File, Format Version 12.00
# Visual Studio 2013
VisualStudioVersion = 12.0.31101.0
MinimumVisualStudioVersion = 10.0.40219.1
Project("{FAE04EC0-301F-11D3-BF4B-00C04F79EFBC}") = "ResharperSamples", "ResharperSamples\ResharperSamples.csproj", "{AE1DEA8F-0D49-49E8-A851-2076B919BA14}"
EndProject
Project("{FAE04EC0-301F-11D3-BF4B-00C04F79EFBC}") = "ResharperSamples.Tests", "ResharperSamples.Tests\ResharperSamples.Tests.csproj", "{69B1E3F4-E2B5-4974-A073-B250CBCAA7D2}"
EndProject
Global
	GlobalSection(SolutionConfigurationPlatforms) = preSolution
		Debug|Any CPU = Debug|Any CPU
		Release|Any CPU = Release|Any CPU
	EndGlobalSection
	GlobalSection(ProjectConfigurationPlatforms) = postSolution
		{AE1DEA8F-0D49-49E8-A851-2076B919BA14}.Debug|Any CPU.ActiveCfg = Debug|Any CPU
		{AE1DEA8F-0D49-49E8-A851-2076B919BA14}.Debug|Any CPU.Build.0 = Debug|Any CPU
		{AE1DEA8F-0D49-49E8-A851-2076B919BA14}.Release|Any CPU.ActiveCfg = Release|Any CPU
		{AE1DEA8F-0D49-49E8-A851-2076B919BA14}.Release|Any CPU.Build.0 = Release|Any CPU
		{69B1E3F4-E2B5-4974-A073-B250CBCAA7D2}.Debug|Any CPU.ActiveCfg = Debug|Any CPU
		{69B1E3F4-E2B5-4974-A073-B250CBCAA7D2}.Debug|Any CPU.Build.0 = Debug|Any CPU
		{69B1E3F4-E2B5-4974-A073-B250CBCAA7D2}.Release|Any CPU.ActiveCfg = Release|Any CPU
		{69B1E3F4-E2B5-4974-A073-B250CBCAA7D2}.Release|Any CPU.Build.0 = Release|Any CPU
	EndGlobalSection
	GlobalSection(SolutionProperties) = preSolution
		HideSolutionNode = FALSE
	EndGlobalSection
EndGlobal
